
Microsoft Visual Studio Solution File, Format Version 12.00
# Visual Studio Version 17
VisualStudioVersion = 17.11.35303.130
MinimumVisualStudioVersion = 10.0.40219.1
Project("{9A19103F-16F7-4668-BE54-9A1E7A4F7556}") = "53-MVC-UrunYonetimSistemi", "53-MVC-UrunYonetimSistemi.csproj", "{73B4B1E2-0571-4CF6-A29A-24148D869448}"
EndProject
Global
	GlobalSection(SolutionConfigurationPlatforms) = preSolution
		Debug|Any CPU = Debug|Any CPU
		Release|Any CPU = Release|Any CPU
	EndGlobalSection
	GlobalSection(ProjectConfigurationPlatforms) = postSolution
		{73B4B1E2-0571-4CF6-A29A-24148D869448}.Debug|Any CPU.ActiveCfg = Debug|Any CPU
		{73B4B1E2-0571-4CF6-A29A-24148D869448}.Debug|Any CPU.Build.0 = Debug|Any CPU
		{73B4B1E2-0571-4CF6-A29A-24148D869448}.Release|Any CPU.ActiveCfg = Release|Any CPU
		{73B4B1E2-0571-4CF6-A29A-24148D869448}.Release|Any CPU.Build.0 = Release|Any CPU
	EndGlobalSection
	GlobalSection(SolutionProperties) = preSolution
		HideSolutionNode = FALSE
	EndGlobalSection
	GlobalSection(ExtensibilityGlobals) = postSolution
		SolutionGuid = {BF960919-1AE5-41B0-A363-793D31235306}
	EndGlobalSection
EndGlobal
